PODS:
  - ADZone (0.1.0):
    - ADZone/AdZoneAggregate (= 0.1.0)
    - ADZone/AdZonePlatformAdview (= 0.1.0)
    - ADZone/AdZonePlatformBaidu (= 0.1.0)
    - ADZone/AdZonePlatformGoogle (= 0.1.0)
    - ADZone/AdZonePlatformIfly (= 0.1.0)
    - ADZone/AdZonePlatformInmobi (= 0.1.0)
    - ADZone/AdZonePlatformMTG (= 0.1.0)
    - ADZone/AdZonePlatformTencent (= 0.1.0)
    - ADZone/AdZonePlatformTouTiao (= 0.1.0)
    - ADZone/AdZonePlatformUnity (= 0.1.0)
    - ADZone/AdZonePlatformVungle (= 0.1.0)
  - ADZone/AdZoneAggregate (0.1.0):
    - AFNetworking
    - OpenUDID
  - ADZone/AdZonePlatformAdview (0.1.0):
    - ADZone/AdZoneAggregate
  - ADZone/AdZonePlatformBaidu (0.1.0):
    - ADZone/AdZoneAggregate
  - ADZone/AdZonePlatformGoogle (0.1.0):
    - ADZone/AdZoneAggregate
  - ADZone/AdZonePlatformIfly (0.1.0):
    - ADZone/AdZoneAggregate
  - ADZone/AdZonePlatformInmobi (0.1.0):
    - ADZone/AdZoneAggregate
  - ADZone/AdZonePlatformMTG (0.1.0):
    - ADZone/AdZoneAggregate
  - ADZone/AdZonePlatformTencent (0.1.0):
    - ADZone/AdZoneAggregate
  - ADZone/AdZonePlatformTouTiao (0.1.0):
    - ADZone/AdZoneAggregate
  - ADZone/AdZonePlatformUnity (0.1.0):
    - ADZone/AdZoneAggregate
  - ADZone/AdZonePlatformVungle (0.1.0):
    - ADZone/AdZoneAggregate
  - AFNetworking (3.2.1):
    - AFNetworking/NSURLSession (= 3.2.1)
    - AFNetworking/Reachability (= 3.2.1)
    - AFNetworking/Security (= 3.2.1)
    - AFNetworking/Serialization (= 3.2.1)
    - AFNetworking/UIKit (= 3.2.1)
  - AFNetworking/NSURLSession (3.2.1):
    - AFNetworking/Reachability
    - AFNetworking/Security
    - AFNetworking/Serialization
  - AFNetworking/Reachability (3.2.1)
  - AFNetworking/Security (3.2.1)
  - AFNetworking/Serialization (3.2.1)
  - AFNetworking/UIKit (3.2.1):
    - AFNetworking/NSURLSession
  - FBSnapshotTestCase (2.1.4):
    - FBSnapshotTestCase/SwiftSupport (= 2.1.4)
  - FBSnapshotTestCase/Core (2.1.4)
  - FBSnapshotTestCase/SwiftSupport (2.1.4):
    - FBSnapshotTestCase/Core
  - OpenUDID (1.0.0)

DEPENDENCIES:
  - ADZone (from `../`)
  - FBSnapshotTestCase

SPEC REPOS:
  trunk:
    - AFNetworking
    - FBSnapshotTestCase
    - OpenUDID

EXTERNAL SOURCES:
  ADZone:
    :path: "../"

SPEC CHECKSUMS:
  ADZone: 0b07e489d550e5a0166ea3f19527a3fb715abda4
  AFNetworking: b6f891fdfaed196b46c7a83cf209e09697b94057
  FBSnapshotTestCase: 094f9f314decbabe373b87cc339bea235a63e07a
  OpenUDID: e7cb6984c7304906ad20f3a36bf087b025896b6b

PODFILE CHECKSUM: aa1cd7a8b633cd24350ae8a98324e9dc3703066d

COCOAPODS: 1.8.3
